{
  "name": "ottodo",
  "version": "1.0.0",
  "lockfileVersion": 3,
  "requires": true,
  "packages": {
    "": {
      "name": "ottodo",
      "version": "1.0.0",
      "license": "ISC",
      "dependencies": {
        "apifm-wxapi": "^24.11.20"
      },
      "devDependencies": {}
    },
    "node_modules/apifm-wxapi": {
      "version": "24.11.20",
      "resolved": "https://registry.npmjs.org/apifm-wxapi/-/apifm-wxapi-24.11.20.tgz",
      "integrity": "sha512-z40xeNFOsH7odpI2noXaU/RzXF/Gv9L4mdSoZPCTHD1K3PB1zJudk3gH4QPCPfUNT1qmiDwnxHq0aljs+obS/A==",
      "license": "MIT"
    }
  }
}
